// !$*UTF8*$!
{
	archiveVersion = 1;
	classes = {
	};
	objectVersion = 46;
	objects = {

/* Begin PBXBuildFile section */
		3F3436201F10E75F004CE6DB /* AppDelegate.swift in Sources */ = {isa = PBXBuildFile; fileRef = 3F34361F1F10E75F004CE6DB /* AppDelegate.swift */; };
		3F3436221F10E75F004CE6DB /* ViewController.swift in Sources */ = {isa = PBXBuildFile; fileRef = 3F3436211F10E75F004CE6DB /* ViewController.swift */; };
		3F3436251F10E75F004CE6DB /* Main.storyboard in Resources */ = {isa = PBXBuildFile; fileRef = 3F3436231F10E75F004CE6DB /* Main.storyboard */; };
		3F3436271F10E75F004CE6DB /* Assets.xcassets in Resources */ = {isa = PBXBuildFile; fileRef = 3F3436261F10E75F004CE6DB /* Assets.xcassets */; };
		3F34362A1F10E75F004CE6DB /* LaunchScreen.storyboard in Resources */ = {isa = PBXBuildFile; fileRef = 3F3436281F10E75F004CE6DB /* LaunchScreen.storyboard */; };
		3F3436351F10E75F004CE6DB /* photoTests.swift in Sources */ = {isa = PBXBuildFile; fileRef = 3F3436341F10E75F004CE6DB /* photoTests.swift */; };
		3F3436401F10E75F004CE6DB /* photoUITests.swift in Sources */ = {isa = PBXBuildFile; fileRef = 3F34363F1F10E75F004CE6DB /* photoUITests.swift */; };
		3F7846A61FCAC21000202018 /* sharePhotoViewController.swift in Sources */ = {isa = PBXBuildFile; fileRef = 3F7846A51FCAC21000202018 /* sharePhotoViewController.swift */; };
		3F7846B41FD2768400202018 /* IMG_9378.PNG in Resources */ = {isa = PBXBuildFile; fileRef = 3F7846A91FD2768200202018 /* IMG_9378.PNG */; };
		3F7846B51FD2768400202018 /* IMG_9388.PNG in Resources */ = {isa = PBXBuildFile; fileRef = 3F7846AA1FD2768200202018 /* IMG_9388.PNG */; };
		3F7846B61FD2768400202018 /* IMG_9389.PNG in Resources */ = {isa = PBXBuildFile; fileRef = 3F7846AB1FD2768200202018 /* IMG_9389.PNG */; };
		3F7846B71FD2768400202018 /* IMG_9382.PNG in Resources */ = {isa = PBXBuildFile; fileRef = 3F7846AC1FD2768200202018 /* IMG_9382.PNG */; };
		3F7846B81FD2768400202018 /* IMG_9379.PNG in Resources */ = {isa = PBXBuildFile; fileRef = 3F7846AD1FD2768300202018 /* IMG_9379.PNG */; };
		3F7846B91FD2768400202018 /* IMG_9381.PNG in Resources */ = {isa = PBXBuildFile; fileRef = 3F7846AE1FD2768300202018 /* IMG_9381.PNG */; };
		3F7846BA1FD2768400202018 /* IMG_9380.PNG in Resources */ = {isa = PBXBuildFile; fileRef = 3F7846AF1FD2768300202018 /* IMG_9380.PNG */; };
		3F7846BB1FD2768400202018 /* IMG_9384.PNG in Resources */ = {isa = PBXBuildFile; fileRef = 3F7846B01FD2768300202018 /* IMG_9384.PNG */; };
		3F7846BC1FD2768400202018 /* IMG_9385.PNG in Resources */ = {isa = PBXBuildFile; fileRef = 3F7846B11FD2768400202018 /* IMG_9385.PNG */; };
		3F7846BD1FD2768400202018 /* IMG_9387.PNG in Resources */ = {isa = PBXBuildFile; fileRef = 3F7846B21FD2768400202018 /* IMG_9387.PNG */; };
		3F7846BE1FD2768400202018 /* IMG_9383.PNG in Resources */ = {isa = PBXBuildFile; fileRef = 3F7846B31FD2768400202018 /* IMG_9383.PNG */; };
		3FCD7BFB1F636B3C0063E608 /* editPhotoViewController.swift in Sources */ = {isa = PBXBuildFile; fileRef = 3FCD7BFA1F636B3B0063E608 /* editPhotoViewController.swift */; };
/* End PBXBuildFile section */

/* Begin PBXContainerItemProxy section */
		3F3436311F10E75F004CE6DB /* PBXContainerItemProxy */ = {
			isa = PBXContainerItemProxy;
			containerPortal = 3F3436141F10E75F004CE6DB /* Project object */;
			proxyType = 1;
			remoteGlobalIDString = 3F34361B1F10E75F004CE6DB;
			remoteInfo = photo;
		};
		3F34363C1F10E75F004CE6DB /* PBXContainerItemProxy */ = {
			isa = PBXContainerItemProxy;
			containerPortal = 3F3436141F10E75F004CE6DB /* Project object */;
			proxyType = 1;
			remoteGlobalIDString = 3F34361B1F10E75F004CE6DB;
			remoteInfo = photo;
		};
/* End PBXContainerItemProxy section */

/* Begin PBXFileReference section */
		3F34361C1F10E75F004CE6DB /* photo.app */ = {isa = PBXFileReference; explicitFileType = wrapper.application; includeInIndex = 0; path = photo.app; sourceTree = BUILT_PRODUCTS_DIR; };
		3F34361F1F10E75F004CE6DB /* AppDelegate.swift */ = {isa = PBXFileReference; lastKnownFileType = sourcecode.swift; path = AppDelegate.swift; sourceTree = "<group>"; };
		3F3436211F10E75F004CE6DB /* ViewController.swift */ = {isa = PBXFileReference; lastKnownFileType = sourcecode.swift; path = ViewController.swift; sourceTree = "<group>"; };
		3F3436241F10E75F004CE6DB /* Base */ = {isa = PBXFileReference; lastKnownFileType = file.storyboard; name = Base; path = Base.lproj/Main.storyboard; sourceTree = "<group>"; };
		3F3436261F10E75F004CE6DB /* Assets.xcassets */ = {isa = PBXFileReference; lastKnownFileType = folder.assetcatalog; path = Assets.xcassets; sourceTree = "<group>"; };
		3F3436291F10E75F004CE6DB /* Base */ = {isa = PBXFileReference; lastKnownFileType = file.storyboard; name = Base; path = Base.lproj/LaunchScreen.storyboard; sourceTree = "<group>"; };
		3F34362B1F10E75F004CE6DB /* Info.plist */ = {isa = PBXFileReference; lastKnownFileType = text.plist.xml; path = Info.plist; sourceTree = "<group>"; };
		3F3436301F10E75F004CE6DB /* photoTests.xctest */ = {isa = PBXFileReference; explicitFileType = wrapper.cfbundle; includeInIndex = 0; path = photoTests.xctest; sourceTree = BUILT_PRODUCTS_DIR; };
		3F3436341F10E75F004CE6DB /* photoTests.swift */ = {isa = PBXFileReference; lastKnownFileType = sourcecode.swift; path = photoTests.swift; sourceTree = "<group>"; };
		3F3436361F10E75F004CE6DB /* Info.plist */ = {isa = PBXFileReference; lastKnownFileType = text.plist.xml; path = Info.plist; sourceTree = "<group>"; };
		3F34363B1F10E75F004CE6DB /* photoUITests.xctest */ = {isa = PBXFileReference; explicitFileType = wrapper.cfbundle; includeInIndex = 0; path = photoUITests.xctest; sourceTree = BUILT_PRODUCTS_DIR; };
		3F34363F1F10E75F004CE6DB /* photoUITests.swift */ = {isa = PBXFileReference; lastKnownFileType = sourcecode.swift; path = photoUITests.swift; sourceTree = "<group>"; };
		3F3436411F10E75F004CE6DB /* Info.plist */ = {isa = PBXFileReference; lastKnownFileType = text.plist.xml; path = Info.plist; sourceTree = "<group>"; };
		3F7846A51FCAC21000202018 /* sharePhotoViewController.swift */ = {isa = PBXFileReference; lastKnownFileType = sourcecode.swift; path = sharePhotoViewController.swift; sourceTree = "<group>"; };
		3F7846A91FD2768200202018 /* IMG_9378.PNG */ = {isa = PBXFileReference; lastKnownFileType = image.png; path = IMG_9378.PNG; sourceTree = "<group>"; };
		3F7846AA1FD2768200202018 /* IMG_9388.PNG */ = {isa = PBXFileReference; lastKnownFileType = image.png; path = IMG_9388.PNG; sourceTree = "<group>"; };
		3F7846AB1FD2768200202018 /* IMG_9389.PNG */ = {isa = PBXFileReference; lastKnownFileType = image.png; path = IMG_9389.PNG; sourceTree = "<group>"; };
		3F7846AC1FD2768200202018 /* IMG_9382.PNG */ = {isa = PBXFileReference; lastKnownFileType = image.png; path = IMG_9382.PNG; sourceTree = "<group>"; };
		3F7846AD1FD2768300202018 /* IMG_9379.PNG */ = {isa = PBXFileReference; lastKnownFileType = image.png; path = IMG_9379.PNG; sourceTree = "<group>"; };
		3F7846AE1FD2768300202018 /* IMG_9381.PNG */ = {isa = PBXFileReference; lastKnownFileType = image.png; path = IMG_9381.PNG; sourceTree = "<group>"; };
		3F7846AF1FD2768300202018 /* IMG_9380.PNG */ = {isa = PBXFileReference; lastKnownFileType = image.png; path = IMG_9380.PNG; sourceTree = "<group>"; };
		3F7846B01FD2768300202018 /* IMG_9384.PNG */ = {isa = PBXFileReference; lastKnownFileType = image.png; path = IMG_9384.PNG; sourceTree = "<group>"; };
		3F7846B11FD2768400202018 /* IMG_9385.PNG */ = {isa = PBXFileReference; lastKnownFileType = image.png; path = IMG_9385.PNG; sourceTree = "<group>"; };
		3F7846B21FD2768400202018 /* IMG_9387.PNG */ = {isa = PBXFileReference; lastKnownFileType = image.png; path = IMG_9387.PNG; sourceTree = "<group>"; };
		3F7846B31FD2768400202018 /* IMG_9383.PNG */ = {isa = PBXFileReference; lastKnownFileType = image.png; path = IMG_9383.PNG; sourceTree = "<group>"; };
		3FCD7BFA1F636B3B0063E608 /* editPhotoViewController.swift */ = {isa = PBXFileReference; fileEncoding = 4; lastKnownFileType = sourcecode.swift; path = editPhotoViewController.swift; sourceTree = "<group>"; };
/* End PBXFileReference section */

/* Begin PBXFrameworksBuildPhase section */
		3F3436191F10E75F004CE6DB /* Frameworks */ = {
			isa = PBXFrameworksBuildPhase;
			buildActionMask = 2147483647;
			files = (
			);
			runOnlyForDeploymentPostprocessing = 0;
		};
		3F34362D1F10E75F004CE6DB /* Frameworks */ = {
			isa = PBXFrameworksBuildPhase;
			buildActionMask = 2147483647;
			files = (
			);
			runOnlyForDeploymentPostprocessing = 0;
		};
		3F3436381F10E75F004CE6DB /* Frameworks */ = {
			isa = PBXFrameworksBuildPhase;
			buildActionMask = 2147483647;
			files = (
			);
			runOnlyForDeploymentPostprocessing = 0;
		};
/* End PBXFrameworksBuildPhase section */

/* Begin PBXGroup section */
		3F3436131F10E75F004CE6DB = {
			isa = PBXGroup;
			children = (
				3F34361E1F10E75F004CE6DB /* photo */,
				3F3436331F10E75F004CE6DB /* photoTests */,
				3F34363E1F10E75F004CE6DB /* photoUITests */,
				3F34361D1F10E75F004CE6DB /* Products */,
			);
			sourceTree = "<group>";
		};
		3F34361D1F10E75F004CE6DB /* Products */ = {
			isa = PBXGroup;
			children = (
				3F34361C1F10E75F004CE6DB /* photo.app */,
				3F3436301F10E75F004CE6DB /* photoTests.xctest */,
				3F34363B1F10E75F004CE6DB /* photoUITests.xctest */,
			);
			name = Products;
			sourceTree = "<group>";
		};
		3F34361E1F10E75F004CE6DB /* photo */ = {
			isa = PBXGroup;
			children = (
				3F34361F1F10E75F004CE6DB /* AppDelegate.swift */,
				3F3436211F10E75F004CE6DB /* ViewController.swift */,
				3F3436231F10E75F004CE6DB /* Main.storyboard */,
				3F3436261F10E75F004CE6DB /* Assets.xcassets */,
				3F3436281F10E75F004CE6DB /* LaunchScreen.storyboard */,
				3F34362B1F10E75F004CE6DB /* Info.plist */,
				3FCD7BFA1F636B3B0063E608 /* editPhotoViewController.swift */,
				3F7846A51FCAC21000202018 /* sharePhotoViewController.swift */,
				3F7846A91FD2768200202018 /* IMG_9378.PNG */,
				3F7846AD1FD2768300202018 /* IMG_9379.PNG */,
				3F7846AF1FD2768300202018 /* IMG_9380.PNG */,
				3F7846AE1FD2768300202018 /* IMG_9381.PNG */,
				3F7846AC1FD2768200202018 /* IMG_9382.PNG */,
				3F7846B31FD2768400202018 /* IMG_9383.PNG */,
				3F7846B01FD2768300202018 /* IMG_9384.PNG */,
				3F7846B11FD2768400202018 /* IMG_9385.PNG */,
				3F7846B21FD2768400202018 /* IMG_9387.PNG */,
				3F7846AA1FD2768200202018 /* IMG_9388.PNG */,
				3F7846AB1FD2768200202018 /* IMG_9389.PNG */,
			);
			path = photo;
			sourceTree = "<group>";
		};
		3F3436331F10E75F004CE6DB /* photoTests */ = {
			isa = PBXGroup;
			children = (
				3F3436341F10E75F004CE6DB /* photoTests.swift */,
				3F3436361F10E75F004CE6DB /* Info.plist */,
			);
			path = photoTests;
			sourceTree = "<group>";
		};
		3F34363E1F10E75F004CE6DB /* photoUITests */ = {
			isa = PBXGroup;
			children = (
				3F34363F1F10E75F004CE6DB /* photoUITests.swift */,
				3F3436411F10E75F004CE6DB /* Info.plist */,
			);
			path = photoUITests;
			sourceTree = "<group>";
		};
/* End PBXGroup section */

/* Begin PBXNativeTarget section */
		3F34361B1F10E75F004CE6DB /* photo */ = {
			isa = PBXNativeTarget;
			buildConfigurationList = 3F3436441F10E75F004CE6DB /* Build configuration list for PBXNativeTarget "photo" */;
			buildPhases = (
				3F3436181F10E75F004CE6DB /* Sources */,
				3F3436191F10E75F004CE6DB /* Frameworks */,
				3F34361A1F10E75F004CE6DB /* Resources */,
			);
			buildRules = (
			);
			dependencies = (
			);
			name = photo;
			productName = photo;
			productReference = 3F34361C1F10E75F004CE6DB /* photo.app */;
			productType = "com.apple.product-type.application";
		};
		3F34362F1F10E75F004CE6DB /* photoTests */ = {
			isa = PBXNativeTarget;
			buildConfigurationList = 3F3436471F10E75F004CE6DB /* Build configuration list for PBXNativeTarget "photoTests" */;
			buildPhases = (
				3F34362C1F10E75F004CE6DB /* Sources */,
				3F34362D1F10E75F004CE6DB /* Frameworks */,
				3F34362E1F10E75F004CE6DB /* Resources */,
			);
			buildRules = (
			);
			dependencies = (
				3F3436321F10E75F004CE6DB /* PBXTargetDependency */,
			);
			name = photoTests;
			productName = photoTests;
			productReference = 3F3436301F10E75F004CE6DB /* photoTests.xctest */;
			productType = "com.apple.product-type.bundle.unit-test";
		};
		3F34363A1F10E75F004CE6DB /* photoUITests */ = {
			isa = PBXNativeTarget;
			buildConfigurationList = 3F34364A1F10E75F004CE6DB /* Build configuration list for PBXNativeTarget "photoUITests" */;
			buildPhases = (
				3F3436371F10E75F004CE6DB /* Sources */,
				3F3436381F10E75F004CE6DB /* Frameworks */,
				3F3436391F10E75F004CE6DB /* Resources */,
			);
			buildRules = (
			);
			dependencies = (
				3F34363D1F10E75F004CE6DB /* PBXTargetDependency */,
			);
			name = photoUITests;
			productName = photoUITests;
			productReference = 3F34363B1F10E75F004CE6DB /* photoUITests.xctest */;
			productType = "com.apple.product-type.bundle.ui-testing";
		};
/* End PBXNativeTarget section */

/* Begin PBXProject section */
		3F3436141F10E75F004CE6DB /* Project object */ = {
			isa = PBXProject;
			attributes = {
				LastSwiftUpdateCheck = 0820;
				LastUpgradeCheck = 0820;
				ORGANIZATIONNAME = "那須美律";
				TargetAttributes = {
					3F34361B1F10E75F004CE6DB = {
						CreatedOnToolsVersion = 8.2;
						ProvisioningStyle = Automatic;
					};
					3F34362F1F10E75F004CE6DB = {
						CreatedOnToolsVersion = 8.2;
						ProvisioningStyle = Automatic;
						TestTargetID = 3F34361B1F10E75F004CE6DB;
					};
					3F34363A1F10E75F004CE6DB = {
						CreatedOnToolsVersion = 8.2;
						ProvisioningStyle = Automatic;
						TestTargetID = 3F34361B1F10E75F004CE6DB;
					};
				};
			};
			buildConfigurationList = 3F3436171F10E75F004CE6DB /* Build configuration list for PBXProject "photo" */;
			compatibilityVersion = "Xcode 3.2";
			developmentRegion = English;
			hasScannedForEncodings = 0;
			knownRegions = (
				en,
				Base,
			);
			mainGroup = 3F3436131F10E75F004CE6DB;
			productRefGroup = 3F34361D1F10E75F004CE6DB /* Products */;
			projectDirPath = "";
			projectRoot = "";
			targets = (
				3F34361B1F10E75F004CE6DB /* photo */,
				3F34362F1F10E75F004CE6DB /* photoTests */,
				3F34363A1F10E75F004CE6DB /* photoUITests */,
			);
		};
/* End PBXProject section */

/* Begin PBXResourcesBuildPhase section */
		3F34361A1F10E75F004CE6DB /* Resources */ = {
			isa = PBXResourcesBuildPhase;
			buildActionMask = 2147483647;
			files = (
				3F34362A1F10E75F004CE6DB /* LaunchScreen.storyboard in Resources */,
				3F7846BA1FD2768400202018 /* IMG_9380.PNG in Resources */,
				3F7846B51FD2768400202018 /* IMG_9388.PNG in Resources */,
				3F7846B71FD2768400202018 /* IMG_9382.PNG in Resources */,
				3F7846B61FD2768400202018 /* IMG_9389.PNG in Resources */,
				3F7846BD1FD2768400202018 /* IMG_9387.PNG in Resources */,
				3F3436271F10E75F004CE6DB /* Assets.xcassets in Resources */,
				3F7846B91FD2768400202018 /* IMG_9381.PNG in Resources */,
				3F7846BB1FD2768400202018 /* IMG_9384.PNG in Resources */,
				3F7846BC1FD2768400202018 /* IMG_9385.PNG in Resources */,
				3F7846B41FD2768400202018 /* IMG_9378.PNG in Resources */,
				3F3436251F10E75F004CE6DB /* Main.storyboard in Resources */,
				3F7846BE1FD2768400202018 /* IMG_9383.PNG in Resources */,
				3F7846B81FD2768400202018 /* IMG_9379.PNG in Resources */,
			);
			runOnlyForDeploymentPostprocessing = 0;
		};
		3F34362E1F10E75F004CE6DB /* Resources */ = {
			isa = PBXResourcesBuildPhase;
			buildActionMask = 2147483647;
			files = (
			);
			runOnlyForDeploymentPostprocessing = 0;
		};
		3F3436391F10E75F004CE6DB /* Resources */ = {
			isa = PBXResourcesBuildPhase;
			buildActionMask = 2147483647;
			files = (
			);
			runOnlyForDeploymentPostprocessing = 0;
		};
/* End PBXResourcesBuildPhase section */

/* Begin PBXSourcesBuildPhase section */
		3F3436181F10E75F004CE6DB /* Sources */ = {
			isa = PBXSourcesBuildPhase;
			buildActionMask = 2147483647;
			files = (
				3FCD7BFB1F636B3C0063E608 /* editPhotoViewController.swift in Sources */,
				3F3436221F10E75F004CE6DB /* ViewController.swift in Sources */,
				3F7846A61FCAC21000202018 /* sharePhotoViewController.swift in Sources */,
				3F3436201F10E75F004CE6DB /* AppDelegate.swift in Sources */,
			);
			runOnlyForDeploymentPostprocessing = 0;
		};
		3F34362C1F10E75F004CE6DB /* Sources */ = {
			isa = PBXSourcesBuildPhase;
			buildActionMask = 2147483647;
			files = (
				3F3436351F10E75F004CE6DB /* photoTests.swift in Sources */,
			);
			runOnlyForDeploymentPostprocessing = 0;
		};
		3F3436371F10E75F004CE6DB /* Sources */ = {
			isa = PBXSourcesBuildPhase;
			buildActionMask = 2147483647;
			files = (
				3F3436401F10E75F004CE6DB /* photoUITests.swift in Sources */,
			);
			runOnlyForDeploymentPostprocessing = 0;
		};
/* End PBXSourcesBuildPhase section */

/* Begin PBXTargetDependency section */
		3F3436321F10E75F004CE6DB /* PBXTargetDependency */ = {
			isa = PBXTargetDependency;
			target = 3F34361B1F10E75F004CE6DB /* photo */;
			targetProxy = 3F3436311F10E75F004CE6DB /* PBXContainerItemProxy */;
		};
		3F34363D1F10E75F004CE6DB /* PBXTargetDependency */ = {
			isa = PBXTargetDependency;
			target = 3F34361B1F10E75F004CE6DB /* photo */;
			targetProxy = 3F34363C1F10E75F004CE6DB /* PBXContainerItemProxy */;
		};
/* End PBXTargetDependency section */

/* Begin PBXVariantGroup section */
		3F3436231F10E75F004CE6DB /* Main.storyboard */ = {
			isa = PBXVariantGroup;
			children = (
				3F3436241F10E75F004CE6DB /* Base */,
			);
			name = Main.storyboard;
			sourceTree = "<group>";
		};
		3F3436281F10E75F004CE6DB /* LaunchScreen.storyboard */ = {
			isa = PBXVariantGroup;
			children = (
				3F3436291F10E75F004CE6DB /* Base */,
			);
			name = LaunchScreen.storyboard;
			sourceTree = "<group>";
		};
/* End PBXVariantGroup section */

/* Begin XCBuildConfiguration section */
		3F3436421F10E75F004CE6DB /* Debug */ = {
			isa = XCBuildConfiguration;
			buildSettings = {
				ALWAYS_SEARCH_USER_PATHS = NO;
				CLANG_ANALYZER_NONNULL = YES;
				CLANG_CXX_LANGUAGE_STANDARD = "gnu++0x";
				CLANG_CXX_LIBRARY = "libc++";
				CLANG_ENABLE_MODULES = YES;
				CLANG_ENABLE_OBJC_ARC = YES;
				CLANG_WARN_BOOL_CONVERSION = YES;
				CLANG_WARN_CONSTANT_CONVERSION = YES;
				CLANG_WARN_DIRECT_OBJC_ISA_USAGE = YES_ERROR;
				CLANG_WARN_DOCUMENTATION_COMMENTS = YES;
				CLANG_WARN_EMPTY_BODY = YES;
				CLANG_WARN_ENUM_CONVERSION = YES;
				CLANG_WARN_INFINITE_RECURSION = YES;
				CLANG_WARN_INT_CONVERSION = YES;
				CLANG_WARN_OBJC_ROOT_CLASS = YES_ERROR;
				CLANG_WARN_SUSPICIOUS_MOVE = YES;
				CLANG_WARN_UNREACHABLE_CODE = YES;
				CLANG_WARN__DUPLICATE_METHOD_MATCH = YES;
				"CODE_SIGN_IDENTITY[sdk=iphoneos*]" = "iPhone Developer";
				COPY_PHASE_STRIP = NO;
				DEBUG_INFORMATION_FORMAT = dwarf;
				ENABLE_STRICT_OBJC_MSGSEND = YES;
				ENABLE_TESTABILITY = YES;
				GCC_C_LANGUAGE_STANDARD = gnu99;
				GCC_DYNAMIC_NO_PIC = NO;
				GCC_NO_COMMON_BLOCKS = YES;
				GCC_OPTIMIZATION_LEVEL = 0;
				GCC_PREPROCESSOR_DEFINITIONS = (
					"DEBUG=1",
					"$(inherited)",
				);
				GCC_WARN_64_TO_32_BIT_CONVERSION = YES;
				GCC_WARN_ABOUT_RETURN_TYPE = YES_ERROR;
				GCC_WARN_UNDECLARED_SELECTOR = YES;
				GCC_WARN_UNINITIALIZED_AUTOS = YES_AGGRESSIVE;
				GCC_WARN_UNUSED_FUNCTION = YES;
				GCC_WARN_UNUSED_VARIABLE = YES;
				IPHONEOS_DEPLOYMENT_TARGET = 10.2;
				MTL_ENABLE_DEBUG_INFO = YES;
				ONLY_ACTIVE_ARCH = YES;
				SDKROOT = iphoneos;
				SWIFT_ACTIVE_COMPILATION_CONDITIONS = DEBUG;
				SWIFT_OPTIMIZATION_LEVEL = "-Onone";
			};
			name = Debug;
		};
		3F3436431F10E75F004CE6DB /* Release */ = {
			isa = XCBuildConfiguration;
			buildSettings = {
				ALWAYS_SEARCH_USER_PATHS = NO;
				CLANG_ANALYZER_NONNULL = YES;
				CLANG_CXX_LANGUAGE_STANDARD = "gnu++0x";
				CLANG_CXX_LIBRARY = "libc++";
				CLANG_ENABLE_MODULES = YES;
				CLANG_ENABLE_OBJC_ARC = YES;
				CLANG_WARN_BOOL_CONVERSION = YES;
				CLANG_WARN_CONSTANT_CONVERSION = YES;
				CLANG_WARN_DIRECT_OBJC_ISA_USAGE = YES_ERROR;
				CLANG_WARN_DOCUMENTATION_COMMENTS = YES;
				CLANG_WARN_EMPTY_BODY = YES;
				CLANG_WARN_ENUM_CONVERSION = YES;
				CLANG_WARN_INFINITE_RECURSION = YES;
				CLANG_WARN_INT_CONVERSION = YES;
				CLANG_WARN_OBJC_ROOT_CLASS = YES_ERROR;
				CLANG_WARN_SUSPICIOUS_MOVE = YES;
				CLANG_WARN_UNREACHABLE_CODE = YES;
				CLANG_WARN__DUPLICATE_METHOD_MATCH = YES;
				"CODE_SIGN_IDENTITY[sdk=iphoneos*]" = "iPhone Developer";
				COPY_PHASE_STRIP = NO;
				DEBUG_INFORMATION_FORMAT = "dwarf-with-dsym";
				ENABLE_NS_ASSERTIONS = NO;
				ENABLE_STRICT_OBJC_MSGSEND = YES;
				GCC_C_LANGUAGE_STANDARD = gnu99;
				GCC_NO_COMMON_BLOCKS = YES;
				GCC_WARN_64_TO_32_BIT_CONVERSION = YES;
				GCC_WARN_ABOUT_RETURN_TYPE = YES_ERROR;
				GCC_WARN_UNDECLARED_SELECTOR = YES;
				GCC_WARN_UNINITIALIZED_AUTOS = YES_AGGRESSIVE;
				GCC_WARN_UNUSED_FUNCTION = YES;
				GCC_WARN_UNUSED_VARIABLE = YES;
				IPHONEOS_DEPLOYMENT_TARGET = 10.2;
				MTL_ENABLE_DEBUG_INFO = NO;
				SDKROOT = iphoneos;
				SWIFT_OPTIMIZATION_LEVEL = "-Owholemodule";
				VALIDATE_PRODUCT = YES;
			};
			name = Release;
		};
		3F3436451F10E75F004CE6DB /* Debug */ = {
			isa = XCBuildConfiguration;
			buildSettings = {
				ASSETCATALOG_COMPILER_APPICON_NAME = AppIcon;
				FRAMEWORK_SEARCH_PATHS = (
					"$(inherited)",
					"$(PROJECT_DIR)/photo",
				);
				INFOPLIST_FILE = photo/Info.plist;
				LD_RUNPATH_SEARCH_PATHS = "$(inherited) @executable_path/Frameworks";
				PRODUCT_BUNDLE_IDENTIFIER = com.litech.photo;
				PRODUCT_NAME = "$(TARGET_NAME)";
				SWIFT_VERSION = 3.0;
			};
			name = Debug;
		};
		3F3436461F10E75F004CE6DB /* Release */ = {
			isa = XCBuildConfiguration;
			buildSettings = {
				ASSETCATALOG_COMPILER_APPICON_NAME = AppIcon;
				FRAMEWORK_SEARCH_PATHS = (
					"$(inherited)",
					"$(PROJECT_DIR)/photo",
				);
				INFOPLIST_FILE = photo/Info.plist;
				LD_RUNPATH_SEARCH_PATHS = "$(inherited) @executable_path/Frameworks";
				PRODUCT_BUNDLE_IDENTIFIER = com.litech.photo;
				PRODUCT_NAME = "$(TARGET_NAME)";
				SWIFT_VERSION = 3.0;
			};
			name = Release;
		};
		3F3436481F10E75F004CE6DB /* Debug */ = {
			isa = XCBuildConfiguration;
			buildSettings = {
				ALWAYS_EMBED_SWIFT_STANDARD_LIBRARIES = YES;
				BUNDLE_LOADER = "$(TEST_HOST)";
				INFOPLIST_FILE = photoTests/Info.plist;
				LD_RUNPATH_SEARCH_PATHS = "$(inherited) @executable_path/Frameworks @loader_path/Frameworks";
				PRODUCT_BUNDLE_IDENTIFIER = com.litech.photoTests;
				PRODUCT_NAME = "$(TARGET_NAME)";
				SWIFT_VERSION = 3.0;
				TEST_HOST = "$(BUILT_PRODUCTS_DIR)/photo.app/photo";
			};
			name = Debug;
		};
		3F3436491F10E75F004CE6DB /* Release */ = {
			isa = XCBuildConfiguration;
			buildSettings = {
				ALWAYS_EMBED_SWIFT_STANDARD_LIBRARIES = YES;
				BUNDLE_LOADER = "$(TEST_HOST)";
				INFOPLIST_FILE = photoTests/Info.plist;
				LD_RUNPATH_SEARCH_PATHS = "$(inherited) @executable_path/Frameworks @loader_path/Frameworks";
				PRODUCT_BUNDLE_IDENTIFIER = com.litech.photoTests;
				PRODUCT_NAME = "$(TARGET_NAME)";
				SWIFT_VERSION = 3.0;
				TEST_HOST = "$(BUILT_PRODUCTS_DIR)/photo.app/photo";
			};
			name = Release;
		};
		3F34364B1F10E75F004CE6DB /* Debug */ = {
			isa = XCBuildConfiguration;
			buildSettings = {
				ALWAYS_EMBED_SWIFT_STANDARD_LIBRARIES = YES;
				INFOPLIST_FILE = photoUITests/Info.plist;
				LD_RUNPATH_SEARCH_PATHS = "$(inherited) @executable_path/Frameworks @loader_path/Frameworks";
				PRODUCT_BUNDLE_IDENTIFIER = com.litech.photoUITests;
				PRODUCT_NAME = "$(TARGET_NAME)";
				SWIFT_VERSION = 3.0;
				TEST_TARGET_NAME = photo;
			};
			name = Debug;
		};
		3F34364C1F10E75F004CE6DB /* Release */ = {
			isa = XCBuildConfiguration;
			buildSettings = {
				ALWAYS_EMBED_SWIFT_STANDARD_LIBRARIES = YES;
				INFOPLIST_FILE = photoUITests/Info.plist;
				LD_RUNPATH_SEARCH_PATHS = "$(inherited) @executable_path/Frameworks @loader_path/Frameworks";
				PRODUCT_BUNDLE_IDENTIFIER = com.litech.photoUITests;
				PRODUCT_NAME = "$(TARGET_NAME)";
				SWIFT_VERSION = 3.0;
				TEST_TARGET_NAME = photo;
			};
			name = Release;
		};
/* End XCBuildConfiguration section */

/* Begin XCConfigurationList section */
		3F3436171F10E75F004CE6DB /* Build configuration list for PBXProject "photo" */ = {
			isa = XCConfigurationList;
			buildConfigurations = (
				3F3436421F10E75F004CE6DB /* Debug */,
				3F3436431F10E75F004CE6DB /* Release */,
			);
			defaultConfigurationIsVisible = 0;
			defaultConfigurationName = Release;
		};
		3F3436441F10E75F004CE6DB /* Build configuration list for PBXNativeTarget "photo" */ = {
			isa = XCConfigurationList;
			buildConfigurations = (
				3F3436451F10E75F004CE6DB /* Debug */,
				3F3436461F10E75F004CE6DB /* Release */,
			);
			defaultConfigurationIsVisible = 0;
			defaultConfigurationName = Release;
		};
		3F3436471F10E75F004CE6DB /* Build configuration list for PBXNativeTarget "photoTests" */ = {
			isa = XCConfigurationList;
			buildConfigurations = (
				3F3436481F10E75F004CE6DB /* Debug */,
				3F3436491F10E75F004CE6DB /* Release */,
			);
			defaultConfigurationIsVisible = 0;
			defaultConfigurationName = Release;
		};
		3F34364A1F10E75F004CE6DB /* Build configuration list for PBXNativeTarget "photoUITests" */ = {
			isa = XCConfigurationList;
			buildConfigurations = (
				3F34364B1F10E75F004CE6DB /* Debug */,
				3F34364C1F10E75F004CE6DB /* Release */,
			);
			defaultConfigurationIsVisible = 0;
			defaultConfigurationName = Release;
		};
/* End XCConfigurationList section */
	};
	rootObject = 3F3436141F10E75F004CE6DB /* Project object */;
}
